
Microsoft Visual Studio Solution File, Format Version 12.00
# Visual Studio Version 17
VisualStudioVersion = 17.4.33213.308
MinimumVisualStudioVersion = 10.0.40219.1
Project("{FAE04EC0-301F-11D3-BF4B-00C04F79EFBC}") = "Querystringproject", "Querystringproject\Querystringproject.csproj", "{166525A3-8F9F-4A94-B49D-D928F837CA8B}"
EndProject
Global
	GlobalSection(SolutionConfigurationPlatforms) = preSolution
		Debug|Any CPU = Debug|Any CPU
		Release|Any CPU = Release|Any CPU
	EndGlobalSection
	GlobalSection(ProjectConfigurationPlatforms) = postSolution
		{166525A3-8F9F-4A94-B49D-D928F837CA8B}.Debug|Any CPU.ActiveCfg = Debug|Any CPU
		{166525A3-8F9F-4A94-B49D-D928F837CA8B}.Debug|Any CPU.Build.0 = Debug|Any CPU
		{166525A3-8F9F-4A94-B49D-D928F837CA8B}.Release|Any CPU.ActiveCfg = Release|Any CPU
		{166525A3-8F9F-4A94-B49D-D928F837CA8B}.Release|Any CPU.Build.0 = Release|Any CPU
	EndGlobalSection
	GlobalSection(SolutionProperties) = preSolution
		HideSolutionNode = FALSE
	EndGlobalSection
	GlobalSection(ExtensibilityGlobals) = postSolution
		SolutionGuid = {DB812A93-E106-4115-976B-C8412248B97B}
	EndGlobalSection
EndGlobal
